%{
  "bunch": {:hex, :bunch, "1.2.0", "f26c6c84e2e5e245620c73a0a4560ca91a75b25744012537e055426568916ab7", [:mix], [], "hexpm"},
  "bunch_native": {:hex, :bunch_native, "0.2.1", "0227d2a751a32f8c0b77dfec57c8dc7216351720c9c755c467e6d9387467fd1f", [:mix], [{:bundlex, "~> 0.2.7", [hex: :bundlex, repo: "hexpm", optional: false]}], "hexpm"},
  "bundlex": {:git, "https://github.com/membraneframework/bundlex.git", "6bb1e0e7f4f663a9b556d6a67a4ff7932ed67e53", [branch: "cpp_support"]},
  "coerce": {:hex, :coerce, "1.0.1", "211c27386315dc2894ac11bc1f413a0e38505d808153367bd5c6e75a4003d096", [:mix], [], "hexpm"},
  "membrane_caps_video_h264": {:hex, :membrane_caps_video_h264, "0.1.0", "d10eb30fdc00175aaeb4bb0d5cb4c031cc319e29330b5585bef2044352161584", [:mix], [], "hexpm"},
  "membrane_caps_video_raw": {:hex, :membrane_caps_video_raw, "0.1.0", "6aa751b0c338ea6672540b7ec7ad2be0d23bad931b8a8776757da9b279070a3b", [:mix], [], "hexpm"},
  "membrane_common_c": {:hex, :membrane_common_c, "0.3.0", "eb17da0e469eacb8f4afbfc47752bd80d749397951d971cd1df67332a5cf77c6", [:mix], [{:bundlex, "~> 0.2.0", [hex: :bundlex, repo: "hexpm", optional: false]}, {:membrane_core, "~> 0.5.0", [hex: :membrane_core, repo: "hexpm", optional: false]}, {:shmex, "~> 0.2.0", [hex: :shmex, repo: "hexpm", optional: false]}, {:unifex, "~> 0.2.0", [hex: :unifex, repo: "hexpm", optional: false]}], "hexpm"},
  "membrane_core": {:hex, :membrane_core, "0.5.0", "6fd6de1158ff1e8d58ec381d25b71b23b349718a785d6de67ffe6866e6a05b0a", [:mix], [{:bunch, "~> 1.2", [hex: :bunch, repo: "hexpm", optional: false]}, {:qex, "~> 0.3", [hex: :qex, repo: "hexpm", optional: false]}, {:ratio, "~> 2.0", [hex: :ratio, repo: "hexpm", optional: false]}], "hexpm"},
  "membrane_element_ffmpeg_h264": {:hex, :membrane_element_ffmpeg_h264, "0.2.0", "ae7352f6f8cc4465ad8b851092d8d06560ce2e921d22c017420bffb702e6a749", [:mix], [{:bunch, "~> 1.2", [hex: :bunch, repo: "hexpm", optional: false]}, {:bundlex, "~> 0.2.0", [hex: :bundlex, repo: "hexpm", optional: false]}, {:membrane_caps_video_h264, "~> 0.1.0", [hex: :membrane_caps_video_h264, repo: "hexpm", optional: false]}, {:membrane_caps_video_raw, "~> 0.1.0", [hex: :membrane_caps_video_raw, repo: "hexpm", optional: false]}, {:membrane_common_c, "~> 0.3.0", [hex: :membrane_common_c, repo: "hexpm", optional: false]}, {:membrane_core, "~> 0.5.0", [hex: :membrane_core, repo: "hexpm", optional: false]}, {:unifex, "~> 0.2.0", [hex: :unifex, repo: "hexpm", optional: false]}], "hexpm"},
  "membrane_element_file": {:hex, :membrane_element_file, "0.3.0", "45a7e5d42f794253752f14d15db3749596f32f44e42cc4e001c6b426915fdf4f", [:mix], [{:membrane_core, "~> 0.5.0", [hex: :membrane_core, repo: "hexpm", optional: false]}, {:mockery, "~> 2.2", [hex: :mockery, repo: "hexpm", optional: false]}], "hexpm"},
  "mockery": {:hex, :mockery, "2.3.1", "a02fd60b10ac9ed37a7a2ecf6786c1f1dd5c75d2b079a60594b089fba32dc087", [:mix], [], "hexpm"},
  "numbers": {:hex, :numbers, "5.2.0", "34515afc34b005b347128ea1bf5a5807f69b07836d9f09611471282e04adabf3", [:mix], [{:coerce, "~> 1.0", [hex: :coerce, repo: "hexpm", optional: false]}, {:decimal, "~> 1.5", [hex: :decimal, repo: "hexpm", optional: true]}], "hexpm"},
  "qex": {:hex, :qex, "0.5.0", "5a3a9becf67d4006377c4c247ffdaaa8ae5b3634a0caadb788dc24d6125068f4", [:mix], [], "hexpm"},
  "ratio": {:hex, :ratio, "2.4.0", "bd073c82871ea9d900243bc0b351e5274484ec469f7e91eaa83de6468ae9cdcf", [:mix], [{:decimal, "~> 1.6 or ~> 2.0", [hex: :decimal, repo: "hexpm", optional: true]}, {:numbers, "~> 5.2.0", [hex: :numbers, repo: "hexpm", optional: false]}], "hexpm"},
  "secure_random": {:hex, :secure_random, "0.5.1", "c5532b37c89d175c328f5196a0c2a5680b15ebce3e654da37129a9fe40ebf51b", [:mix], [], "hexpm"},
  "shmex": {:hex, :shmex, "0.2.0", "2dc5e3919171e69993729fab2eee5bde6b679a4c7da91fd88e41c4254cc65fef", [:mix], [{:bunch_native, "~> 0.2.0", [hex: :bunch_native, repo: "hexpm", optional: false]}, {:bundlex, "~> 0.2.4", [hex: :bundlex, repo: "hexpm", optional: false]}], "hexpm"},
  "unifex": {:git, "https://github.com/membraneframework/unifex.git", "4c4e720b120ce4947e3f5ac2e80d93da36ec5e11", [branch: "cpp_support"]},
}
